
Microsoft Visual Studio Solution File, Format Version 12.00
# Visual Studio 15
VisualStudioVersion = 15.0.27130.2010
MinimumVisualStudioVersion = 10.0.40219.1
Project("{9A19103F-16F7-4668-BE54-9A1E7A4F7556}") = "WeGouSharp", ".\src\WeGouSharp\WeGouSharp.csproj", "{C6C4E971-F81C-4C59-B7DB-29D0B5711E02}"
EndProject
Project("{2150E333-8FDC-42A3-9474-1A3956D46DE8}") = "Tests", "Tests", "{37607B66-0768-4589-A63F-ACF03AFCC2E6}"
EndProject
Project("{FAE04EC0-301F-11D3-BF4B-00C04F79EFBC}") = "WeGouTest", "tests\WeGouTest\WeGouTest.csproj", "{F003B43E-1497-457E-8796-A8CE7582869E}"
EndProject
Global
	GlobalSection(SolutionConfigurationPlatforms) = preSolution
		Debug|Any CPU = Debug|Any CPU
		Release|Any CPU = Release|Any CPU
	EndGlobalSection
	GlobalSection(ProjectConfigurationPlatforms) = postSolution
		{C6C4E971-F81C-4C59-B7DB-29D0B5711E02}.Debug|Any CPU.ActiveCfg = Debug|Any CPU
		{C6C4E971-F81C-4C59-B7DB-29D0B5711E02}.Debug|Any CPU.Build.0 = Debug|Any CPU
		{C6C4E971-F81C-4C59-B7DB-29D0B5711E02}.Release|Any CPU.ActiveCfg = Release|Any CPU
		{C6C4E971-F81C-4C59-B7DB-29D0B5711E02}.Release|Any CPU.Build.0 = Release|Any CPU
		{F003B43E-1497-457E-8796-A8CE7582869E}.Debug|Any CPU.ActiveCfg = Debug|Any CPU
		{F003B43E-1497-457E-8796-A8CE7582869E}.Debug|Any CPU.Build.0 = Debug|Any CPU
		{F003B43E-1497-457E-8796-A8CE7582869E}.Release|Any CPU.ActiveCfg = Release|Any CPU
		{F003B43E-1497-457E-8796-A8CE7582869E}.Release|Any CPU.Build.0 = Release|Any CPU
	EndGlobalSection
	GlobalSection(SolutionProperties) = preSolution
		HideSolutionNode = FALSE
	EndGlobalSection
	GlobalSection(ExtensibilityGlobals) = postSolution
		SolutionGuid = {CFED48B2-1FFE-4B46-B070-90A4D9034A49}
	EndGlobalSection
	GlobalSection(NestedProjects) = preSolution
		{F003B43E-1497-457E-8796-A8CE7582869E} = {37607B66-0768-4589-A63F-ACF03AFCC2E6}
	EndGlobalSection
EndGlobal
